{
  "name": "eb-mock",
  "version": "1.0.0",
  "lockfileVersion": 1,
  "requires": true,
  "dependencies": {
    "colors": {
      "version": "1.3.0",
      "resolved": "https://registry.npmjs.org/colors/-/colors-1.3.0.tgz",
      "integrity": "sha512-EDpX3a7wHMWFA7PUHWPHNWqOxIIRSJetuwl0AS5Oi/5FMV8kWm69RTlgm00GKjBO1xFHMtBbL49yRtMMdticBw=="
    },
    "header-case-normalizer": {
      "version": "1.0.3",
      "resolved": "https://registry.npmjs.org/header-case-normalizer/-/header-case-normalizer-1.0.3.tgz",
      "integrity": "sha1-+x1MjQxhadyrT3x+IbGGpqIqwME="
    },
    "js-combinatorics": {
      "version": "0.5.3",
      "resolved": "https://registry.npmjs.org/js-combinatorics/-/js-combinatorics-0.5.3.tgz",
      "integrity": "sha512-egCSKDP7vcTlwSyIVuipmGc4Btxpb8ftQ+dhRMgQHJ9JwifXS/yBeTokLADjoJmip4T20yEMJK4YT/DNkOTUtQ=="
    },
    "mockserver": {
      "version": "1.8.0",
      "resolved": "https://registry.npmjs.org/mockserver/-/mockserver-1.8.0.tgz",
      "integrity": "sha512-AR7MoS6NWsIGZV7FZVVngy0zIDwR2o5WqaYRzNFxZkyAI2QDGRw69qbtmi2Koh9g4fKR1zxYC/OiEv/eXtmaSg==",
      "requires": {
        "colors": "1.3.0",
        "header-case-normalizer": "1.0.3",
        "js-combinatorics": "0.5.3",
        "yargs": "1.3.3"
      }
    },
    "yargs": {
      "version": "1.3.3",
      "resolved": "https://registry.npmjs.org/yargs/-/yargs-1.3.3.tgz",
      "integrity": "sha1-BU3oth8i7v23IHBZ6u+da4P7kxo="
    }
  }
}
